
Microsoft Visual Studio Solution File, Format Version 12.00
# Visual Studio Version 16
VisualStudioVersion = 16.0.29920.165
MinimumVisualStudioVersion = 10.0.40219.1
Project("{8BC9CEB8-8B4A-11D0-8D11-00A0C91BC942}") = "NBody_CUDA[shared]", "NBody_CUDA[shared]\NBody_CUDA[shared].vcxproj", "{DEEAAFEF-0BA7-45AD-80C9-2A0CD17D289C}"
EndProject
Global
	GlobalSection(SolutionConfigurationPlatforms) = preSolution
		Debug|x64 = Debug|x64
		Release|x64 = Release|x64
	EndGlobalSection
	GlobalSection(ProjectConfigurationPlatforms) = postSolution
		{DEEAAFEF-0BA7-45AD-80C9-2A0CD17D289C}.Debug|x64.ActiveCfg = Debug|x64
		{DEEAAFEF-0BA7-45AD-80C9-2A0CD17D289C}.Debug|x64.Build.0 = Debug|x64
		{DEEAAFEF-0BA7-45AD-80C9-2A0CD17D289C}.Release|x64.ActiveCfg = Release|x64
		{DEEAAFEF-0BA7-45AD-80C9-2A0CD17D289C}.Release|x64.Build.0 = Release|x64
	EndGlobalSection
	GlobalSection(SolutionProperties) = preSolution
		HideSolutionNode = FALSE
	EndGlobalSection
	GlobalSection(ExtensibilityGlobals) = postSolution
		SolutionGuid = {34093010-7D79-488D-9B3A-79F5BF047661}
	EndGlobalSection
EndGlobal
